
Microsoft Visual Studio Solution File, Format Version 12.00
# Visual Studio Version 17
VisualStudioVersion = 17.7.34202.233
MinimumVisualStudioVersion = 10.0.40219.1
Project("{FAE04EC0-301F-11D3-BF4B-00C04F79EFBC}") = "QL_VatLieuXayDung", "QL_VatLieuXayDung.csproj", "{EDF39EB0-F88A-432D-9DF8-C72825D8559E}"
EndProject
Global
	GlobalSection(SolutionConfigurationPlatforms) = preSolution
		Debug|Any CPU = Debug|Any CPU
		Release|Any CPU = Release|Any CPU
	EndGlobalSection
	GlobalSection(ProjectConfigurationPlatforms) = postSolution
		{EDF39EB0-F88A-432D-9DF8-C72825D8559E}.Debug|Any CPU.ActiveCfg = Debug|Any CPU
		{EDF39EB0-F88A-432D-9DF8-C72825D8559E}.Debug|Any CPU.Build.0 = Debug|Any CPU
		{EDF39EB0-F88A-432D-9DF8-C72825D8559E}.Release|Any CPU.ActiveCfg = Release|Any CPU
		{EDF39EB0-F88A-432D-9DF8-C72825D8559E}.Release|Any CPU.Build.0 = Release|Any CPU
	EndGlobalSection
	GlobalSection(SolutionProperties) = preSolution
		HideSolutionNode = FALSE
	EndGlobalSection
	GlobalSection(ExtensibilityGlobals) = postSolution
		SolutionGuid = {F20B732A-8EAF-49A7-9B0C-15C37BEFFF82}
	EndGlobalSection
EndGlobal
